# Tokiln 全局版本锁 —— 单一事实来源。
# 所有条目在 M0 "ta-repro 考古" 后填入实测值并锁 digest;
# UNPINNED 状态下 tokiln deploy 会打印警告。
components:
  sglang:
    version: "0.5.13.post1"        # GLM-5.2 最低要求; ta-repro 考古后确认
    image: "lmsysorg/sglang:nightly-dev-cu12-20260716-b0b2dfbd"   # sha256:030aa98e5bc1..., GlmMoeDsaForCausalLM 支持已验证
  dynamo:
    version: "1.2.1"                # 注意: 官方 pin sglang 0.5.11, 需自建 adapter (spike 02)
    image: ""                       # UNPINNED
  mooncake:
    version: ""                     # spike 04
  flexkv:
    version: ""                     # spike 04
  nats: {version: "2.10", image: "nats:2.10-alpine"}
  etcd: {version: "3.5", image: "quay.io/coreos/etcd:v3.5.17"}
  prometheus: {image: "prom/prometheus:v2.53.0"}
  grafana: {image: "grafana/grafana:11.1.0"}
model:
  glm-5.2:
    revision: ""                    # UNPINNED: HF commit / 内部镜像 tag
submodules:
  aa-loadgen: ""                    # git submodule pin 即事实, 此处冗余记录便于 manifest
