# Tokiln global version lock — the single source of truth.
# All entries get measured values and pinned digests after the M0 "ta-repro archaeology";
# tokiln deploy prints a warning while anything is UNPINNED.
components:
  sglang:
    version: "0.5.13.post1"        # GLM-5.2 minimum; confirm after ta-repro archaeology
    image: "lmsysorg/sglang:nightly-dev-cu12-20260716-b0b2dfbd"   # sha256:030aa98e5bc1..., GlmMoeDsaForCausalLM support verified
  dynamo:
    version: "1.2.1"                # note: upstream pins sglang 0.5.11; needs a custom adapter (spike 02)
    image: ""                       # UNPINNED
  mooncake:
    version: ""                     # spike 04
  flexkv:
    version: ""                     # spike 04
  nats: {version: "2.10", image: "nats:2.10-alpine"}
  etcd: {version: "3.5", image: "quay.io/coreos/etcd:v3.5.17"}
  prometheus: {image: "prom/prometheus:v2.53.0"}
  grafana: {image: "grafana/grafana:11.1.0"}
model:
  glm-5.2:
    revision: ""                    # UNPINNED: HF commit / internal mirror tag
submodules:
  aa-loadgen: ""                    # the git submodule pin is the fact; recorded here redundantly for manifests
